// !$*UTF8*$!
{
	archiveVersion = 1;
	classes = {
	};
	objectVersion = 46;
	objects = {

/* Begin PBXBuildFile section */
		1F5D830E1E8D6522002F653F /* AppDelegate.swift in Sources */ = {isa = PBXBuildFile; fileRef = 1F5D830D1E8D6522002F653F /* AppDelegate.swift */; };
		1F5D83131E8D6522002F653F /* Main.storyboard in Resources */ = {isa = PBXBuildFile; fileRef = 1F5D83111E8D6522002F653F /* Main.storyboard */; };
		1F5D83151E8D6522002F653F /* Assets.xcassets in Resources */ = {isa = PBXBuildFile; fileRef = 1F5D83141E8D6522002F653F /* Assets.xcassets */; };
		1F5D83181E8D6522002F653F /* LaunchScreen.storyboard in Resources */ = {isa = PBXBuildFile; fileRef = 1F5D83161E8D6522002F653F /* LaunchScreen.storyboard */; };
		1F5D83261E8D654C002F653F /* main.swift in Sources */ = {isa = PBXBuildFile; fileRef = 1F5D83251E8D654C002F653F /* main.swift */; };
		1F5D83311E8D655F002F653F /* main.swift in Sources */ = {isa = PBXBuildFile; fileRef = 1F5D83301E8D655F002F653F /* main.swift */; };
		1F5D83361E8D68F4002F653F /* Item.swift in Sources */ = {isa = PBXBuildFile; fileRef = 1F5D83351E8D68F4002F653F /* Item.swift */; };
		1F5D83381E8D6C73002F653F /* AllItemsTVC.swift in Sources */ = {isa = PBXBuildFile; fileRef = 1F5D83371E8D6C73002F653F /* AllItemsTVC.swift */; };
		1F5D833C1E8D6F53002F653F /* MyURLSessions.swift in Sources */ = {isa = PBXBuildFile; fileRef = 1F5D833B1E8D6F53002F653F /* MyURLSessions.swift */; };
		1F5D833D1E8D6FA1002F653F /* Item.swift in Sources */ = {isa = PBXBuildFile; fileRef = 1F5D83351E8D68F4002F653F /* Item.swift */; };
		1F5D833E1E8D701A002F653F /* MyURLSessions.swift in Sources */ = {isa = PBXBuildFile; fileRef = 1F5D833B1E8D6F53002F653F /* MyURLSessions.swift */; };
		1F5D833F1E8D7098002F653F /* Item.swift in Sources */ = {isa = PBXBuildFile; fileRef = 1F5D83351E8D68F4002F653F /* Item.swift */; };
		1F81C8601E94A8380036F5BF /* ShowItemCardTVC.swift in Sources */ = {isa = PBXBuildFile; fileRef = 1F81C85F1E94A8380036F5BF /* ShowItemCardTVC.swift */; };
/* End PBXBuildFile section */

/* Begin PBXCopyFilesBuildPhase section */
		1F5D83211E8D654C002F653F /* CopyFiles */ = {
			isa = PBXCopyFilesBuildPhase;
			buildActionMask = 2147483647;
			dstPath = /usr/share/man/man1/;
			dstSubfolderSpec = 0;
			files = (
			);
			runOnlyForDeploymentPostprocessing = 1;
		};
		1F5D832C1E8D655F002F653F /* CopyFiles */ = {
			isa = PBXCopyFilesBuildPhase;
			buildActionMask = 2147483647;
			dstPath = /usr/share/man/man1/;
			dstSubfolderSpec = 0;
			files = (
			);
			runOnlyForDeploymentPostprocessing = 1;
		};
/* End PBXCopyFilesBuildPhase section */

/* Begin PBXFileReference section */
		1F5D830A1E8D6522002F653F /* SellIt.app */ = {isa = PBXFileReference; explicitFileType = wrapper.application; includeInIndex = 0; path = SellIt.app; sourceTree = BUILT_PRODUCTS_DIR; };
		1F5D830D1E8D6522002F653F /* AppDelegate.swift */ = {isa = PBXFileReference; lastKnownFileType = sourcecode.swift; path = AppDelegate.swift; sourceTree = "<group>"; };
		1F5D83121E8D6522002F653F /* Base */ = {isa = PBXFileReference; lastKnownFileType = file.storyboard; name = Base; path = Base.lproj/Main.storyboard; sourceTree = "<group>"; };
		1F5D83141E8D6522002F653F /* Assets.xcassets */ = {isa = PBXFileReference; lastKnownFileType = folder.assetcatalog; path = Assets.xcassets; sourceTree = "<group>"; };
		1F5D83171E8D6522002F653F /* Base */ = {isa = PBXFileReference; lastKnownFileType = file.storyboard; name = Base; path = Base.lproj/LaunchScreen.storyboard; sourceTree = "<group>"; };
		1F5D83191E8D6522002F653F /* Info.plist */ = {isa = PBXFileReference; lastKnownFileType = text.plist.xml; path = Info.plist; sourceTree = "<group>"; };
		1F5D83231E8D654C002F653F /* Model */ = {isa = PBXFileReference; explicitFileType = "compiled.mach-o.executable"; includeInIndex = 0; path = Model; sourceTree = BUILT_PRODUCTS_DIR; };
		1F5D83251E8D654C002F653F /* main.swift */ = {isa = PBXFileReference; lastKnownFileType = sourcecode.swift; path = main.swift; sourceTree = "<group>"; };
		1F5D832E1E8D655F002F653F /* Network */ = {isa = PBXFileReference; explicitFileType = "compiled.mach-o.executable"; includeInIndex = 0; path = Network; sourceTree = BUILT_PRODUCTS_DIR; };
		1F5D83301E8D655F002F653F /* main.swift */ = {isa = PBXFileReference; lastKnownFileType = sourcecode.swift; path = main.swift; sourceTree = "<group>"; };
		1F5D83351E8D68F4002F653F /* Item.swift */ = {isa = PBXFileReference; fileEncoding = 4; lastKnownFileType = sourcecode.swift; path = Item.swift; sourceTree = "<group>"; };
		1F5D83371E8D6C73002F653F /* AllItemsTVC.swift */ = {isa = PBXFileReference; fileEncoding = 4; lastKnownFileType = sourcecode.swift; path = AllItemsTVC.swift; sourceTree = "<group>"; };
		1F5D833B1E8D6F53002F653F /* MyURLSessions.swift */ = {isa = PBXFileReference; fileEncoding = 4; lastKnownFileType = sourcecode.swift; path = MyURLSessions.swift; sourceTree = "<group>"; };
		1F81C85F1E94A8380036F5BF /* ShowItemCardTVC.swift */ = {isa = PBXFileReference; fileEncoding = 4; lastKnownFileType = sourcecode.swift; path = ShowItemCardTVC.swift; sourceTree = "<group>"; };
/* End PBXFileReference section */

/* Begin PBXFrameworksBuildPhase section */
		1F5D83071E8D6522002F653F /* Frameworks */ = {
			isa = PBXFrameworksBuildPhase;
			buildActionMask = 2147483647;
			files = (
			);
			runOnlyForDeploymentPostprocessing = 0;
		};
		1F5D83201E8D654C002F653F /* Frameworks */ = {
			isa = PBXFrameworksBuildPhase;
			buildActionMask = 2147483647;
			files = (
			);
			runOnlyForDeploymentPostprocessing = 0;
		};
		1F5D832B1E8D655F002F653F /* Frameworks */ = {
			isa = PBXFrameworksBuildPhase;
			buildActionMask = 2147483647;
			files = (
			);
			runOnlyForDeploymentPostprocessing = 0;
		};
/* End PBXFrameworksBuildPhase section */

/* Begin PBXGroup section */
		1F5D83011E8D6522002F653F = {
			isa = PBXGroup;
			children = (
				1F5D830C1E8D6522002F653F /* SellIt */,
				1F5D83241E8D654C002F653F /* Model */,
				1F5D832F1E8D655F002F653F /* Network */,
				1F5D830B1E8D6522002F653F /* Products */,
			);
			sourceTree = "<group>";
		};
		1F5D830B1E8D6522002F653F /* Products */ = {
			isa = PBXGroup;
			children = (
				1F5D830A1E8D6522002F653F /* SellIt.app */,
				1F5D83231E8D654C002F653F /* Model */,
				1F5D832E1E8D655F002F653F /* Network */,
			);
			name = Products;
			sourceTree = "<group>";
		};
		1F5D830C1E8D6522002F653F /* SellIt */ = {
			isa = PBXGroup;
			children = (
				1F5D830D1E8D6522002F653F /* AppDelegate.swift */,
				1F5D83111E8D6522002F653F /* Main.storyboard */,
				1F5D83141E8D6522002F653F /* Assets.xcassets */,
				1F5D83161E8D6522002F653F /* LaunchScreen.storyboard */,
				1F5D83191E8D6522002F653F /* Info.plist */,
				1F5D83371E8D6C73002F653F /* AllItemsTVC.swift */,
				1F81C85F1E94A8380036F5BF /* ShowItemCardTVC.swift */,
			);
			path = SellIt;
			sourceTree = "<group>";
		};
		1F5D83241E8D654C002F653F /* Model */ = {
			isa = PBXGroup;
			children = (
				1F5D83251E8D654C002F653F /* main.swift */,
				1F5D83351E8D68F4002F653F /* Item.swift */,
			);
			path = Model;
			sourceTree = "<group>";
		};
		1F5D832F1E8D655F002F653F /* Network */ = {
			isa = PBXGroup;
			children = (
				1F5D83301E8D655F002F653F /* main.swift */,
				1F5D833B1E8D6F53002F653F /* MyURLSessions.swift */,
			);
			path = Network;
			sourceTree = "<group>";
		};
/* End PBXGroup section */

/* Begin PBXNativeTarget section */
		1F5D83091E8D6522002F653F /* SellIt */ = {
			isa = PBXNativeTarget;
			buildConfigurationList = 1F5D831C1E8D6522002F653F /* Build configuration list for PBXNativeTarget "SellIt" */;
			buildPhases = (
				1F5D83061E8D6522002F653F /* Sources */,
				1F5D83071E8D6522002F653F /* Frameworks */,
				1F5D83081E8D6522002F653F /* Resources */,
			);
			buildRules = (
			);
			dependencies = (
			);
			name = SellIt;
			productName = SellIt;
			productReference = 1F5D830A1E8D6522002F653F /* SellIt.app */;
			productType = "com.apple.product-type.application";
		};
		1F5D83221E8D654C002F653F /* Model */ = {
			isa = PBXNativeTarget;
			buildConfigurationList = 1F5D83271E8D654C002F653F /* Build configuration list for PBXNativeTarget "Model" */;
			buildPhases = (
				1F5D831F1E8D654C002F653F /* Sources */,
				1F5D83201E8D654C002F653F /* Frameworks */,
				1F5D83211E8D654C002F653F /* CopyFiles */,
			);
			buildRules = (
			);
			dependencies = (
			);
			name = Model;
			productName = Model;
			productReference = 1F5D83231E8D654C002F653F /* Model */;
			productType = "com.apple.product-type.tool";
		};
		1F5D832D1E8D655F002F653F /* Network */ = {
			isa = PBXNativeTarget;
			buildConfigurationList = 1F5D83321E8D655F002F653F /* Build configuration list for PBXNativeTarget "Network" */;
			buildPhases = (
				1F5D832A1E8D655F002F653F /* Sources */,
				1F5D832B1E8D655F002F653F /* Frameworks */,
				1F5D832C1E8D655F002F653F /* CopyFiles */,
			);
			buildRules = (
			);
			dependencies = (
			);
			name = Network;
			productName = Network;
			productReference = 1F5D832E1E8D655F002F653F /* Network */;
			productType = "com.apple.product-type.tool";
		};
/* End PBXNativeTarget section */

/* Begin PBXProject section */
		1F5D83021E8D6522002F653F /* Project object */ = {
			isa = PBXProject;
			attributes = {
				LastSwiftUpdateCheck = 0810;
				LastUpgradeCheck = 0810;
				ORGANIZATIONNAME = "Sid Parmar";
				TargetAttributes = {
					1F5D83091E8D6522002F653F = {
						CreatedOnToolsVersion = 8.1;
						ProvisioningStyle = Automatic;
					};
					1F5D83221E8D654C002F653F = {
						CreatedOnToolsVersion = 8.1;
						ProvisioningStyle = Automatic;
					};
					1F5D832D1E8D655F002F653F = {
						CreatedOnToolsVersion = 8.1;
						ProvisioningStyle = Automatic;
					};
				};
			};
			buildConfigurationList = 1F5D83051E8D6522002F653F /* Build configuration list for PBXProject "SellIt" */;
			compatibilityVersion = "Xcode 3.2";
			developmentRegion = English;
			hasScannedForEncodings = 0;
			knownRegions = (
				en,
				Base,
			);
			mainGroup = 1F5D83011E8D6522002F653F;
			productRefGroup = 1F5D830B1E8D6522002F653F /* Products */;
			projectDirPath = "";
			projectRoot = "";
			targets = (
				1F5D83091E8D6522002F653F /* SellIt */,
				1F5D83221E8D654C002F653F /* Model */,
				1F5D832D1E8D655F002F653F /* Network */,
			);
		};
/* End PBXProject section */

/* Begin PBXResourcesBuildPhase section */
		1F5D83081E8D6522002F653F /* Resources */ = {
			isa = PBXResourcesBuildPhase;
			buildActionMask = 2147483647;
			files = (
				1F5D83181E8D6522002F653F /* LaunchScreen.storyboard in Resources */,
				1F5D83151E8D6522002F653F /* Assets.xcassets in Resources */,
				1F5D83131E8D6522002F653F /* Main.storyboard in Resources */,
			);
			runOnlyForDeploymentPostprocessing = 0;
		};
/* End PBXResourcesBuildPhase section */

/* Begin PBXSourcesBuildPhase section */
		1F5D83061E8D6522002F653F /* Sources */ = {
			isa = PBXSourcesBuildPhase;
			buildActionMask = 2147483647;
			files = (
				1F5D83381E8D6C73002F653F /* AllItemsTVC.swift in Sources */,
				1F81C8601E94A8380036F5BF /* ShowItemCardTVC.swift in Sources */,
				1F5D833D1E8D6FA1002F653F /* Item.swift in Sources */,
				1F5D833E1E8D701A002F653F /* MyURLSessions.swift in Sources */,
				1F5D830E1E8D6522002F653F /* AppDelegate.swift in Sources */,
			);
			runOnlyForDeploymentPostprocessing = 0;
		};
		1F5D831F1E8D654C002F653F /* Sources */ = {
			isa = PBXSourcesBuildPhase;
			buildActionMask = 2147483647;
			files = (
				1F5D83361E8D68F4002F653F /* Item.swift in Sources */,
				1F5D83261E8D654C002F653F /* main.swift in Sources */,
			);
			runOnlyForDeploymentPostprocessing = 0;
		};
		1F5D832A1E8D655F002F653F /* Sources */ = {
			isa = PBXSourcesBuildPhase;
			buildActionMask = 2147483647;
			files = (
				1F5D833C1E8D6F53002F653F /* MyURLSessions.swift in Sources */,
				1F5D833F1E8D7098002F653F /* Item.swift in Sources */,
				1F5D83311E8D655F002F653F /* main.swift in Sources */,
			);
			runOnlyForDeploymentPostprocessing = 0;
		};
/* End PBXSourcesBuildPhase section */

/* Begin PBXVariantGroup section */
		1F5D83111E8D6522002F653F /* Main.storyboard */ = {
			isa = PBXVariantGroup;
			children = (
				1F5D83121E8D6522002F653F /* Base */,
			);
			name = Main.storyboard;
			sourceTree = "<group>";
		};
		1F5D83161E8D6522002F653F /* LaunchScreen.storyboard */ = {
			isa = PBXVariantGroup;
			children = (
				1F5D83171E8D6522002F653F /* Base */,
			);
			name = LaunchScreen.storyboard;
			sourceTree = "<group>";
		};
/* End PBXVariantGroup section */

/* Begin XCBuildConfiguration section */
		1F5D831A1E8D6522002F653F /* Debug */ = {
			isa = XCBuildConfiguration;
			buildSettings = {
				ALWAYS_SEARCH_USER_PATHS = NO;
				CLANG_ANALYZER_NONNULL = YES;
				CLANG_CXX_LANGUAGE_STANDARD = "gnu++0x";
				CLANG_CXX_LIBRARY = "libc++";
				CLANG_ENABLE_MODULES = YES;
				CLANG_ENABLE_OBJC_ARC = YES;
				CLANG_WARN_BOOL_CONVERSION = YES;
				CLANG_WARN_CONSTANT_CONVERSION = YES;
				CLANG_WARN_DIRECT_OBJC_ISA_USAGE = YES_ERROR;
				CLANG_WARN_DOCUMENTATION_COMMENTS = YES;
				CLANG_WARN_EMPTY_BODY = YES;
				CLANG_WARN_ENUM_CONVERSION = YES;
				CLANG_WARN_INFINITE_RECURSION = YES;
				CLANG_WARN_INT_CONVERSION = YES;
				CLANG_WARN_OBJC_ROOT_CLASS = YES_ERROR;
				CLANG_WARN_SUSPICIOUS_MOVES = YES;
				CLANG_WARN_UNREACHABLE_CODE = YES;
				CLANG_WARN__DUPLICATE_METHOD_MATCH = YES;
				"CODE_SIGN_IDENTITY[sdk=iphoneos*]" = "iPhone Developer";
				COPY_PHASE_STRIP = NO;
				DEBUG_INFORMATION_FORMAT = dwarf;
				ENABLE_STRICT_OBJC_MSGSEND = YES;
				ENABLE_TESTABILITY = YES;
				GCC_C_LANGUAGE_STANDARD = gnu99;
				GCC_DYNAMIC_NO_PIC = NO;
				GCC_NO_COMMON_BLOCKS = YES;
				GCC_OPTIMIZATION_LEVEL = 0;
				GCC_PREPROCESSOR_DEFINITIONS = (
					"DEBUG=1",
					"$(inherited)",
				);
				GCC_WARN_64_TO_32_BIT_CONVERSION = YES;
				GCC_WARN_ABOUT_RETURN_TYPE = YES_ERROR;
				GCC_WARN_UNDECLARED_SELECTOR = YES;
				GCC_WARN_UNINITIALIZED_AUTOS = YES_AGGRESSIVE;
				GCC_WARN_UNUSED_FUNCTION = YES;
				GCC_WARN_UNUSED_VARIABLE = YES;
				IPHONEOS_DEPLOYMENT_TARGET = 10.1;
				MTL_ENABLE_DEBUG_INFO = YES;
				ONLY_ACTIVE_ARCH = YES;
				SDKROOT = iphoneos;
				SWIFT_ACTIVE_COMPILATION_CONDITIONS = DEBUG;
				SWIFT_OPTIMIZATION_LEVEL = "-Onone";
			};
			name = Debug;
		};
		1F5D831B1E8D6522002F653F /* Release */ = {
			isa = XCBuildConfiguration;
			buildSettings = {
				ALWAYS_SEARCH_USER_PATHS = NO;
				CLANG_ANALYZER_NONNULL = YES;
				CLANG_CXX_LANGUAGE_STANDARD = "gnu++0x";
				CLANG_CXX_LIBRARY = "libc++";
				CLANG_ENABLE_MODULES = YES;
				CLANG_ENABLE_OBJC_ARC = YES;
				CLANG_WARN_BOOL_CONVERSION = YES;
				CLANG_WARN_CONSTANT_CONVERSION = YES;
				CLANG_WARN_DIRECT_OBJC_ISA_USAGE = YES_ERROR;
				CLANG_WARN_DOCUMENTATION_COMMENTS = YES;
				CLANG_WARN_EMPTY_BODY = YES;
				CLANG_WARN_ENUM_CONVERSION = YES;
				CLANG_WARN_INFINITE_RECURSION = YES;
				CLANG_WARN_INT_CONVERSION = YES;
				CLANG_WARN_OBJC_ROOT_CLASS = YES_ERROR;
				CLANG_WARN_SUSPICIOUS_MOVES = YES;
				CLANG_WARN_UNREACHABLE_CODE = YES;
				CLANG_WARN__DUPLICATE_METHOD_MATCH = YES;
				"CODE_SIGN_IDENTITY[sdk=iphoneos*]" = "iPhone Developer";
				COPY_PHASE_STRIP = NO;
				DEBUG_INFORMATION_FORMAT = "dwarf-with-dsym";
				ENABLE_NS_ASSERTIONS = NO;
				ENABLE_STRICT_OBJC_MSGSEND = YES;
				GCC_C_LANGUAGE_STANDARD = gnu99;
				GCC_NO_COMMON_BLOCKS = YES;
				GCC_WARN_64_TO_32_BIT_CONVERSION = YES;
				GCC_WARN_ABOUT_RETURN_TYPE = YES_ERROR;
				GCC_WARN_UNDECLARED_SELECTOR = YES;
				GCC_WARN_UNINITIALIZED_AUTOS = YES_AGGRESSIVE;
				GCC_WARN_UNUSED_FUNCTION = YES;
				GCC_WARN_UNUSED_VARIABLE = YES;
				IPHONEOS_DEPLOYMENT_TARGET = 10.1;
				MTL_ENABLE_DEBUG_INFO = NO;
				SDKROOT = iphoneos;
				SWIFT_OPTIMIZATION_LEVEL = "-Owholemodule";
				VALIDATE_PRODUCT = YES;
			};
			name = Release;
		};
		1F5D831D1E8D6522002F653F /* Debug */ = {
			isa = XCBuildConfiguration;
			buildSettings = {
				ASSETCATALOG_COMPILER_APPICON_NAME = AppIcon;
				INFOPLIST_FILE = SellIt/Info.plist;
				LD_RUNPATH_SEARCH_PATHS = "$(inherited) @executable_path/Frameworks";
				PRODUCT_BUNDLE_IDENTIFIER = IMG214.SellIt;
				PRODUCT_NAME = "$(TARGET_NAME)";
				SWIFT_VERSION = 3.0;
			};
			name = Debug;
		};
		1F5D831E1E8D6522002F653F /* Release */ = {
			isa = XCBuildConfiguration;
			buildSettings = {
				ASSETCATALOG_COMPILER_APPICON_NAME = AppIcon;
				INFOPLIST_FILE = SellIt/Info.plist;
				LD_RUNPATH_SEARCH_PATHS = "$(inherited) @executable_path/Frameworks";
				PRODUCT_BUNDLE_IDENTIFIER = IMG214.SellIt;
				PRODUCT_NAME = "$(TARGET_NAME)";
				SWIFT_VERSION = 3.0;
			};
			name = Release;
		};
		1F5D83281E8D654C002F653F /* Debug */ = {
			isa = XCBuildConfiguration;
			buildSettings = {
				CODE_SIGN_IDENTITY = "-";
				MACOSX_DEPLOYMENT_TARGET = 10.12;
				PRODUCT_NAME = "$(TARGET_NAME)";
				SDKROOT = macosx;
				SWIFT_VERSION = 3.0;
			};
			name = Debug;
		};
		1F5D83291E8D654C002F653F /* Release */ = {
			isa = XCBuildConfiguration;
			buildSettings = {
				CODE_SIGN_IDENTITY = "-";
				MACOSX_DEPLOYMENT_TARGET = 10.12;
				PRODUCT_NAME = "$(TARGET_NAME)";
				SDKROOT = macosx;
				SWIFT_VERSION = 3.0;
			};
			name = Release;
		};
		1F5D83331E8D655F002F653F /* Debug */ = {
			isa = XCBuildConfiguration;
			buildSettings = {
				CODE_SIGN_IDENTITY = "-";
				MACOSX_DEPLOYMENT_TARGET = 10.12;
				PRODUCT_NAME = "$(TARGET_NAME)";
				SDKROOT = macosx;
				SWIFT_VERSION = 3.0;
			};
			name = Debug;
		};
		1F5D83341E8D655F002F653F /* Release */ = {
			isa = XCBuildConfiguration;
			buildSettings = {
				CODE_SIGN_IDENTITY = "-";
				MACOSX_DEPLOYMENT_TARGET = 10.12;
				PRODUCT_NAME = "$(TARGET_NAME)";
				SDKROOT = macosx;
				SWIFT_VERSION = 3.0;
			};
			name = Release;
		};
/* End XCBuildConfiguration section */

/* Begin XCConfigurationList section */
		1F5D83051E8D6522002F653F /* Build configuration list for PBXProject "SellIt" */ = {
			isa = XCConfigurationList;
			buildConfigurations = (
				1F5D831A1E8D6522002F653F /* Debug */,
				1F5D831B1E8D6522002F653F /* Release */,
			);
			defaultConfigurationIsVisible = 0;
			defaultConfigurationName = Release;
		};
		1F5D831C1E8D6522002F653F /* Build configuration list for PBXNativeTarget "SellIt" */ = {
			isa = XCConfigurationList;
			buildConfigurations = (
				1F5D831D1E8D6522002F653F /* Debug */,
				1F5D831E1E8D6522002F653F /* Release */,
			);
			defaultConfigurationIsVisible = 0;
			defaultConfigurationName = Release;
		};
		1F5D83271E8D654C002F653F /* Build configuration list for PBXNativeTarget "Model" */ = {
			isa = XCConfigurationList;
			buildConfigurations = (
				1F5D83281E8D654C002F653F /* Debug */,
				1F5D83291E8D654C002F653F /* Release */,
			);
			defaultConfigurationIsVisible = 0;
			defaultConfigurationName = Release;
		};
		1F5D83321E8D655F002F653F /* Build configuration list for PBXNativeTarget "Network" */ = {
			isa = XCConfigurationList;
			buildConfigurations = (
				1F5D83331E8D655F002F653F /* Debug */,
				1F5D83341E8D655F002F653F /* Release */,
			);
			defaultConfigurationIsVisible = 0;
			defaultConfigurationName = Release;
		};
/* End XCConfigurationList section */
	};
	rootObject = 1F5D83021E8D6522002F653F /* Project object */;
}
